// !$*UTF8*$!
{
	archiveVersion = 1;
	classes = {
	};
	objectVersion = 50;
	objects = {

/* Begin PBXBuildFile section */
		A30A5F1C25A5D37F0046D1D0 /* AppDelegate.swift in Sources */ = {isa = PBXBuildFile; fileRef = A30A5F1B25A5D37F0046D1D0 /* AppDelegate.swift */; };
		A30A5F1E25A5D37F0046D1D0 /* SceneDelegate.swift in Sources */ = {isa = PBXBuildFile; fileRef = A30A5F1D25A5D37F0046D1D0 /* SceneDelegate.swift */; };
		A30A5F2325A5D37F0046D1D0 /* Main.storyboard in Resources */ = {isa = PBXBuildFile; fileRef = A30A5F2125A5D37F0046D1D0 /* Main.storyboard */; };
		A30A5F2625A5D37F0046D1D0 /* theBudget.xcdatamodeld in Sources */ = {isa = PBXBuildFile; fileRef = A30A5F2425A5D37F0046D1D0 /* theBudget.xcdatamodeld */; };
		A30A5F2825A5D3800046D1D0 /* Assets.xcassets in Resources */ = {isa = PBXBuildFile; fileRef = A30A5F2725A5D3800046D1D0 /* Assets.xcassets */; };
		A30A5F2B25A5D3800046D1D0 /* LaunchScreen.storyboard in Resources */ = {isa = PBXBuildFile; fileRef = A30A5F2925A5D3800046D1D0 /* LaunchScreen.storyboard */; };
		A30A5F3625A5D3800046D1D0 /* theBudgetTests.swift in Sources */ = {isa = PBXBuildFile; fileRef = A30A5F3525A5D3800046D1D0 /* theBudgetTests.swift */; };
		A30A5F4125A5D3800046D1D0 /* theBudgetUITests.swift in Sources */ = {isa = PBXBuildFile; fileRef = A30A5F4025A5D3800046D1D0 /* theBudgetUITests.swift */; };
		A349A4F325C05A06000F41FD /* ShadowView.swift in Sources */ = {isa = PBXBuildFile; fileRef = A349A4F225C05A06000F41FD /* ShadowView.swift */; };
		A349A4F825C09D30000F41FD /* EditingViewController.swift in Sources */ = {isa = PBXBuildFile; fileRef = A349A4F725C09D30000F41FD /* EditingViewController.swift */; };
		A35D8A8125BED21D00F67BE8 /* RecordMainTableViewCell.swift in Sources */ = {isa = PBXBuildFile; fileRef = A35D8A8025BED21D00F67BE8 /* RecordMainTableViewCell.swift */; };
		A3672CF625A5EB3F00931044 /* RecordsViewController.swift in Sources */ = {isa = PBXBuildFile; fileRef = A3672CF525A5EB3F00931044 /* RecordsViewController.swift */; };
		A3672CFB25A5EB5100931044 /* StatisticsViewController.swift in Sources */ = {isa = PBXBuildFile; fileRef = A3672CFA25A5EB5100931044 /* StatisticsViewController.swift */; };
		A3672D0025A5F0D900931044 /* AddRecordViewController.swift in Sources */ = {isa = PBXBuildFile; fileRef = A3672CFF25A5F0D900931044 /* AddRecordViewController.swift */; };
		A3672D0525A5F12E00931044 /* AddExpenseViewController.swift in Sources */ = {isa = PBXBuildFile; fileRef = A3672D0425A5F12E00931044 /* AddExpenseViewController.swift */; };
		A3672D0A25A5F13E00931044 /* AddIncomeViewController.swift in Sources */ = {isa = PBXBuildFile; fileRef = A3672D0925A5F13E00931044 /* AddIncomeViewController.swift */; };
		A3672D0F25A5F3AC00931044 /* CategoryModel.swift in Sources */ = {isa = PBXBuildFile; fileRef = A3672D0E25A5F3AC00931044 /* CategoryModel.swift */; };
		A37227BB25BC4BD2003CDAFD /* CoreDataService.swift in Sources */ = {isa = PBXBuildFile; fileRef = A37227BA25BC4BD2003CDAFD /* CoreDataService.swift */; };
		A39F6D3525B1C4EC00209262 /* CalendarData.swift in Sources */ = {isa = PBXBuildFile; fileRef = A39F6D3425B1C4EC00209262 /* CalendarData.swift */; };
		A3A4653025B1C1A6004B8451 /* CalendarCollectionViewCell.swift in Sources */ = {isa = PBXBuildFile; fileRef = A3A4652F25B1C1A6004B8451 /* CalendarCollectionViewCell.swift */; };
		A3D8D7FE25BD620E002E1A6D /* CategoryCollectionViewCell.swift in Sources */ = {isa = PBXBuildFile; fileRef = A3D8D7FD25BD620E002E1A6D /* CategoryCollectionViewCell.swift */; };
		A3D8D80325BD92FF002E1A6D /* SearchBarView.swift in Sources */ = {isa = PBXBuildFile; fileRef = A3D8D80225BD92FF002E1A6D /* SearchBarView.swift */; };
		A3D8D81725BDE891002E1A6D /* Extensions.swift in Sources */ = {isa = PBXBuildFile; fileRef = A3D8D81625BDE891002E1A6D /* Extensions.swift */; };
		A3FD6B7325A5D674006B54E0 /* CustomTabBar.swift in Sources */ = {isa = PBXBuildFile; fileRef = A3FD6B7225A5D674006B54E0 /* CustomTabBar.swift */; };
/* End PBXBuildFile section */

/* Begin PBXContainerItemProxy section */
		A30A5F3225A5D3800046D1D0 /* PBXContainerItemProxy */ = {
			isa = PBXContainerItemProxy;
			containerPortal = A30A5F1025A5D37F0046D1D0 /* Project object */;
			proxyType = 1;
			remoteGlobalIDString = A30A5F1725A5D37F0046D1D0;
			remoteInfo = theBudget;
		};
		A30A5F3D25A5D3800046D1D0 /* PBXContainerItemProxy */ = {
			isa = PBXContainerItemProxy;
			containerPortal = A30A5F1025A5D37F0046D1D0 /* Project object */;
			proxyType = 1;
			remoteGlobalIDString = A30A5F1725A5D37F0046D1D0;
			remoteInfo = theBudget;
		};
/* End PBXContainerItemProxy section */

/* Begin PBXFileReference section */
		A30A5F1825A5D37F0046D1D0 /* theBudget.app */ = {isa = PBXFileReference; explicitFileType = wrapper.application; includeInIndex = 0; path = theBudget.app; sourceTree = BUILT_PRODUCTS_DIR; };
		A30A5F1B25A5D37F0046D1D0 /* AppDelegate.swift */ = {isa = PBXFileReference; lastKnownFileType = sourcecode.swift; path = AppDelegate.swift; sourceTree = "<group>"; };
		A30A5F1D25A5D37F0046D1D0 /* SceneDelegate.swift */ = {isa = PBXFileReference; lastKnownFileType = sourcecode.swift; path = SceneDelegate.swift; sourceTree = "<group>"; };
		A30A5F2225A5D37F0046D1D0 /* Base */ = {isa = PBXFileReference; lastKnownFileType = file.storyboard; name = Base; path = Base.lproj/Main.storyboard; sourceTree = "<group>"; };
		A30A5F2525A5D37F0046D1D0 /* theBudget.xcdatamodel */ = {isa = PBXFileReference; lastKnownFileType = wrapper.xcdatamodel; path = theBudget.xcdatamodel; sourceTree = "<group>"; };
		A30A5F2725A5D3800046D1D0 /* Assets.xcassets */ = {isa = PBXFileReference; lastKnownFileType = folder.assetcatalog; path = Assets.xcassets; sourceTree = "<group>"; };
		A30A5F2A25A5D3800046D1D0 /* Base */ = {isa = PBXFileReference; lastKnownFileType = file.storyboard; name = Base; path = Base.lproj/LaunchScreen.storyboard; sourceTree = "<group>"; };
		A30A5F2C25A5D3800046D1D0 /* Info.plist */ = {isa = PBXFileReference; lastKnownFileType = text.plist.xml; path = Info.plist; sourceTree = "<group>"; };
		A30A5F3125A5D3800046D1D0 /* theBudgetTests.xctest */ = {isa = PBXFileReference; explicitFileType = wrapper.cfbundle; includeInIndex = 0; path = theBudgetTests.xctest; sourceTree = BUILT_PRODUCTS_DIR; };
		A30A5F3525A5D3800046D1D0 /* theBudgetTests.swift */ = {isa = PBXFileReference; lastKnownFileType = sourcecode.swift; path = theBudgetTests.swift; sourceTree = "<group>"; };
		A30A5F3725A5D3800046D1D0 /* Info.plist */ = {isa = PBXFileReference; lastKnownFileType = text.plist.xml; path = Info.plist; sourceTree = "<group>"; };
		A30A5F3C25A5D3800046D1D0 /* theBudgetUITests.xctest */ = {isa = PBXFileReference; explicitFileType = wrapper.cfbundle; includeInIndex = 0; path = theBudgetUITests.xctest; sourceTree = BUILT_PRODUCTS_DIR; };
		A30A5F4025A5D3800046D1D0 /* theBudgetUITests.swift */ = {isa = PBXFileReference; lastKnownFileType = sourcecode.swift; path = theBudgetUITests.swift; sourceTree = "<group>"; };
		A30A5F4225A5D3800046D1D0 /* Info.plist */ = {isa = PBXFileReference; lastKnownFileType = text.plist.xml; path = Info.plist; sourceTree = "<group>"; };
		A349A4F225C05A06000F41FD /* ShadowView.swift */ = {isa = PBXFileReference; lastKnownFileType = sourcecode.swift; path = ShadowView.swift; sourceTree = "<group>"; };
		A349A4F725C09D30000F41FD /* EditingViewController.swift */ = {isa = PBXFileReference; lastKnownFileType = sourcecode.swift; path = EditingViewController.swift; sourceTree = "<group>"; };
		A35D8A8025BED21D00F67BE8 /* RecordMainTableViewCell.swift */ = {isa = PBXFileReference; lastKnownFileType = sourcecode.swift; path = RecordMainTableViewCell.swift; sourceTree = "<group>"; };
		A3672CF525A5EB3F00931044 /* RecordsViewController.swift */ = {isa = PBXFileReference; lastKnownFileType = sourcecode.swift; path = RecordsViewController.swift; sourceTree = "<group>"; };
		A3672CFA25A5EB5100931044 /* StatisticsViewController.swift */ = {isa = PBXFileReference; lastKnownFileType = sourcecode.swift; path = StatisticsViewController.swift; sourceTree = "<group>"; };
		A3672CFF25A5F0D900931044 /* AddRecordViewController.swift */ = {isa = PBXFileReference; lastKnownFileType = sourcecode.swift; path = AddRecordViewController.swift; sourceTree = "<group>"; };
		A3672D0425A5F12E00931044 /* AddExpenseViewController.swift */ = {isa = PBXFileReference; lastKnownFileType = sourcecode.swift; path = AddExpenseViewController.swift; sourceTree = "<group>"; };
		A3672D0925A5F13E00931044 /* AddIncomeViewController.swift */ = {isa = PBXFileReference; lastKnownFileType = sourcecode.swift; path = AddIncomeViewController.swift; sourceTree = "<group>"; };
		A3672D0E25A5F3AC00931044 /* CategoryModel.swift */ = {isa = PBXFileReference; lastKnownFileType = sourcecode.swift; path = CategoryModel.swift; sourceTree = "<group>"; };
		A37227BA25BC4BD2003CDAFD /* CoreDataService.swift */ = {isa = PBXFileReference; lastKnownFileType = sourcecode.swift; path = CoreDataService.swift; sourceTree = "<group>"; };
		A39F6D3425B1C4EC00209262 /* CalendarData.swift */ = {isa = PBXFileReference; lastKnownFileType = sourcecode.swift; path = CalendarData.swift; sourceTree = "<group>"; };
		A3A4652F25B1C1A6004B8451 /* CalendarCollectionViewCell.swift */ = {isa = PBXFileReference; lastKnownFileType = sourcecode.swift; path = CalendarCollectionViewCell.swift; sourceTree = "<group>"; };
		A3D8D7FD25BD620E002E1A6D /* CategoryCollectionViewCell.swift */ = {isa = PBXFileReference; lastKnownFileType = sourcecode.swift; path = CategoryCollectionViewCell.swift; sourceTree = "<group>"; };
		A3D8D80225BD92FF002E1A6D /* SearchBarView.swift */ = {isa = PBXFileReference; lastKnownFileType = sourcecode.swift; path = SearchBarView.swift; sourceTree = "<group>"; };
		A3D8D81625BDE891002E1A6D /* Extensions.swift */ = {isa = PBXFileReference; lastKnownFileType = sourcecode.swift; path = Extensions.swift; sourceTree = "<group>"; };
		A3FD6B7225A5D674006B54E0 /* CustomTabBar.swift */ = {isa = PBXFileReference; lastKnownFileType = sourcecode.swift; path = CustomTabBar.swift; sourceTree = "<group>"; };
/* End PBXFileReference section */

/* Begin PBXFrameworksBuildPhase section */
		A30A5F1525A5D37F0046D1D0 /* Frameworks */ = {
			isa = PBXFrameworksBuildPhase;
			buildActionMask = 2147483647;
			files = (
			);
			runOnlyForDeploymentPostprocessing = 0;
		};
		A30A5F2E25A5D3800046D1D0 /* Frameworks */ = {
			isa = PBXFrameworksBuildPhase;
			buildActionMask = 2147483647;
			files = (
			);
			runOnlyForDeploymentPostprocessing = 0;
		};
		A30A5F3925A5D3800046D1D0 /* Frameworks */ = {
			isa = PBXFrameworksBuildPhase;
			buildActionMask = 2147483647;
			files = (
			);
			runOnlyForDeploymentPostprocessing = 0;
		};
/* End PBXFrameworksBuildPhase section */

/* Begin PBXGroup section */
		A30A5F0F25A5D37F0046D1D0 = {
			isa = PBXGroup;
			children = (
				A30A5F1A25A5D37F0046D1D0 /* theBudget */,
				A30A5F3425A5D3800046D1D0 /* theBudgetTests */,
				A30A5F3F25A5D3800046D1D0 /* theBudgetUITests */,
				A30A5F1925A5D37F0046D1D0 /* Products */,
			);
			sourceTree = "<group>";
		};
		A30A5F1925A5D37F0046D1D0 /* Products */ = {
			isa = PBXGroup;
			children = (
				A30A5F1825A5D37F0046D1D0 /* theBudget.app */,
				A30A5F3125A5D3800046D1D0 /* theBudgetTests.xctest */,
				A30A5F3C25A5D3800046D1D0 /* theBudgetUITests.xctest */,
			);
			name = Products;
			sourceTree = "<group>";
		};
		A30A5F1A25A5D37F0046D1D0 /* theBudget */ = {
			isa = PBXGroup;
			children = (
				A39F6D2D25B1C4D700209262 /* ViewControllers */,
				A3FD6B6425A5D61D006B54E0 /* Model */,
				A3FD6B6525A5D624006B54E0 /* View */,
				A3FD6B6625A5D629006B54E0 /* Controller */,
				A3D8D80F25BDE85A002E1A6D /* Supporting Files */,
				A30A5F2125A5D37F0046D1D0 /* Main.storyboard */,
				A30A5F2725A5D3800046D1D0 /* Assets.xcassets */,
				A30A5F2425A5D37F0046D1D0 /* theBudget.xcdatamodeld */,
				A30A5F2C25A5D3800046D1D0 /* Info.plist */,
				A30A5F2925A5D3800046D1D0 /* LaunchScreen.storyboard */,
			);
			path = theBudget;
			sourceTree = "<group>";
		};
		A30A5F3425A5D3800046D1D0 /* theBudgetTests */ = {
			isa = PBXGroup;
			children = (
				A30A5F3525A5D3800046D1D0 /* theBudgetTests.swift */,
				A30A5F3725A5D3800046D1D0 /* Info.plist */,
			);
			path = theBudgetTests;
			sourceTree = "<group>";
		};
		A30A5F3F25A5D3800046D1D0 /* theBudgetUITests */ = {
			isa = PBXGroup;
			children = (
				A30A5F4025A5D3800046D1D0 /* theBudgetUITests.swift */,
				A30A5F4225A5D3800046D1D0 /* Info.plist */,
			);
			path = theBudgetUITests;
			sourceTree = "<group>";
		};
		A39F6D2D25B1C4D700209262 /* ViewControllers */ = {
			isa = PBXGroup;
			children = (
				A3672CF525A5EB3F00931044 /* RecordsViewController.swift */,
				A3672CFA25A5EB5100931044 /* StatisticsViewController.swift */,
				A3672CFF25A5F0D900931044 /* AddRecordViewController.swift */,
				A3672D0425A5F12E00931044 /* AddExpenseViewController.swift */,
				A3672D0925A5F13E00931044 /* AddIncomeViewController.swift */,
				A349A4F725C09D30000F41FD /* EditingViewController.swift */,
			);
			path = ViewControllers;
			sourceTree = "<group>";
		};
		A3D8D80F25BDE85A002E1A6D /* Supporting Files */ = {
			isa = PBXGroup;
			children = (
				A30A5F1B25A5D37F0046D1D0 /* AppDelegate.swift */,
				A30A5F1D25A5D37F0046D1D0 /* SceneDelegate.swift */,
				A3D8D81625BDE891002E1A6D /* Extensions.swift */,
				A349A4F225C05A06000F41FD /* ShadowView.swift */,
			);
			path = "Supporting Files";
			sourceTree = "<group>";
		};
		A3FD6B6425A5D61D006B54E0 /* Model */ = {
			isa = PBXGroup;
			children = (
				A3672D0E25A5F3AC00931044 /* CategoryModel.swift */,
			);
			path = Model;
			sourceTree = "<group>";
		};
		A3FD6B6525A5D624006B54E0 /* View */ = {
			isa = PBXGroup;
			children = (
				A35D8A8025BED21D00F67BE8 /* RecordMainTableViewCell.swift */,
				A3FD6B7225A5D674006B54E0 /* CustomTabBar.swift */,
				A3A4652F25B1C1A6004B8451 /* CalendarCollectionViewCell.swift */,
				A3D8D7FD25BD620E002E1A6D /* CategoryCollectionViewCell.swift */,
				A3D8D80225BD92FF002E1A6D /* SearchBarView.swift */,
			);
			path = View;
			sourceTree = "<group>";
		};
		A3FD6B6625A5D629006B54E0 /* Controller */ = {
			isa = PBXGroup;
			children = (
				A39F6D3425B1C4EC00209262 /* CalendarData.swift */,
				A37227BA25BC4BD2003CDAFD /* CoreDataService.swift */,
			);
			path = Controller;
			sourceTree = "<group>";
		};
/* End PBXGroup section */

/* Begin PBXNativeTarget section */
		A30A5F1725A5D37F0046D1D0 /* theBudget */ = {
			isa = PBXNativeTarget;
			buildConfigurationList = A30A5F4525A5D3800046D1D0 /* Build configuration list for PBXNativeTarget "theBudget" */;
			buildPhases = (
				A30A5F1425A5D37F0046D1D0 /* Sources */,
				A30A5F1525A5D37F0046D1D0 /* Frameworks */,
				A30A5F1625A5D37F0046D1D0 /* Resources */,
			);
			buildRules = (
			);
			dependencies = (
			);
			name = theBudget;
			productName = theBudget;
			productReference = A30A5F1825A5D37F0046D1D0 /* theBudget.app */;
			productType = "com.apple.product-type.application";
		};
		A30A5F3025A5D3800046D1D0 /* theBudgetTests */ = {
			isa = PBXNativeTarget;
			buildConfigurationList = A30A5F4825A5D3800046D1D0 /* Build configuration list for PBXNativeTarget "theBudgetTests" */;
			buildPhases = (
				A30A5F2D25A5D3800046D1D0 /* Sources */,
				A30A5F2E25A5D3800046D1D0 /* Frameworks */,
				A30A5F2F25A5D3800046D1D0 /* Resources */,
			);
			buildRules = (
			);
			dependencies = (
				A30A5F3325A5D3800046D1D0 /* PBXTargetDependency */,
			);
			name = theBudgetTests;
			productName = theBudgetTests;
			productReference = A30A5F3125A5D3800046D1D0 /* theBudgetTests.xctest */;
			productType = "com.apple.product-type.bundle.unit-test";
		};
		A30A5F3B25A5D3800046D1D0 /* theBudgetUITests */ = {
			isa = PBXNativeTarget;
			buildConfigurationList = A30A5F4B25A5D3800046D1D0 /* Build configuration list for PBXNativeTarget "theBudgetUITests" */;
			buildPhases = (
				A30A5F3825A5D3800046D1D0 /* Sources */,
				A30A5F3925A5D3800046D1D0 /* Frameworks */,
				A30A5F3A25A5D3800046D1D0 /* Resources */,
			);
			buildRules = (
			);
			dependencies = (
				A30A5F3E25A5D3800046D1D0 /* PBXTargetDependency */,
			);
			name = theBudgetUITests;
			productName = theBudgetUITests;
			productReference = A30A5F3C25A5D3800046D1D0 /* theBudgetUITests.xctest */;
			productType = "com.apple.product-type.bundle.ui-testing";
		};
/* End PBXNativeTarget section */

/* Begin PBXProject section */
		A30A5F1025A5D37F0046D1D0 /* Project object */ = {
			isa = PBXProject;
			attributes = {
				LastSwiftUpdateCheck = 1230;
				LastUpgradeCheck = 1230;
				TargetAttributes = {
					A30A5F1725A5D37F0046D1D0 = {
						CreatedOnToolsVersion = 12.3;
					};
					A30A5F3025A5D3800046D1D0 = {
						CreatedOnToolsVersion = 12.3;
						TestTargetID = A30A5F1725A5D37F0046D1D0;
					};
					A30A5F3B25A5D3800046D1D0 = {
						CreatedOnToolsVersion = 12.3;
						TestTargetID = A30A5F1725A5D37F0046D1D0;
					};
				};
			};
			buildConfigurationList = A30A5F1325A5D37F0046D1D0 /* Build configuration list for PBXProject "theBudget" */;
			compatibilityVersion = "Xcode 9.3";
			developmentRegion = en;
			hasScannedForEncodings = 0;
			knownRegions = (
				en,
				Base,
			);
			mainGroup = A30A5F0F25A5D37F0046D1D0;
			productRefGroup = A30A5F1925A5D37F0046D1D0 /* Products */;
			projectDirPath = "";
			projectRoot = "";
			targets = (
				A30A5F1725A5D37F0046D1D0 /* theBudget */,
				A30A5F3025A5D3800046D1D0 /* theBudgetTests */,
				A30A5F3B25A5D3800046D1D0 /* theBudgetUITests */,
			);
		};
/* End PBXProject section */

/* Begin PBXResourcesBuildPhase section */
		A30A5F1625A5D37F0046D1D0 /* Resources */ = {
			isa = PBXResourcesBuildPhase;
			buildActionMask = 2147483647;
			files = (
				A30A5F2B25A5D3800046D1D0 /* LaunchScreen.storyboard in Resources */,
				A30A5F2825A5D3800046D1D0 /* Assets.xcassets in Resources */,
				A30A5F2325A5D37F0046D1D0 /* Main.storyboard in Resources */,
			);
			runOnlyForDeploymentPostprocessing = 0;
		};
		A30A5F2F25A5D3800046D1D0 /* Resources */ = {
			isa = PBXResourcesBuildPhase;
			buildActionMask = 2147483647;
			files = (
			);
			runOnlyForDeploymentPostprocessing = 0;
		};
		A30A5F3A25A5D3800046D1D0 /* Resources */ = {
			isa = PBXResourcesBuildPhase;
			buildActionMask = 2147483647;
			files = (
			);
			runOnlyForDeploymentPostprocessing = 0;
		};
/* End PBXResourcesBuildPhase section */

/* Begin PBXSourcesBuildPhase section */
		A30A5F1425A5D37F0046D1D0 /* Sources */ = {
			isa = PBXSourcesBuildPhase;
			buildActionMask = 2147483647;
			files = (
				A349A4F325C05A06000F41FD /* ShadowView.swift in Sources */,
				A3A4653025B1C1A6004B8451 /* CalendarCollectionViewCell.swift in Sources */,
				A37227BB25BC4BD2003CDAFD /* CoreDataService.swift in Sources */,
				A39F6D3525B1C4EC00209262 /* CalendarData.swift in Sources */,
				A3FD6B7325A5D674006B54E0 /* CustomTabBar.swift in Sources */,
				A30A5F1C25A5D37F0046D1D0 /* AppDelegate.swift in Sources */,
				A30A5F2625A5D37F0046D1D0 /* theBudget.xcdatamodeld in Sources */,
				A3672D0525A5F12E00931044 /* AddExpenseViewController.swift in Sources */,
				A3672D0A25A5F13E00931044 /* AddIncomeViewController.swift in Sources */,
				A30A5F1E25A5D37F0046D1D0 /* SceneDelegate.swift in Sources */,
				A3672D0F25A5F3AC00931044 /* CategoryModel.swift in Sources */,
				A3D8D80325BD92FF002E1A6D /* SearchBarView.swift in Sources */,
				A3D8D81725BDE891002E1A6D /* Extensions.swift in Sources */,
				A3672CF625A5EB3F00931044 /* RecordsViewController.swift in Sources */,
				A35D8A8125BED21D00F67BE8 /* RecordMainTableViewCell.swift in Sources */,
				A349A4F825C09D30000F41FD /* EditingViewController.swift in Sources */,
				A3672CFB25A5EB5100931044 /* StatisticsViewController.swift in Sources */,
				A3D8D7FE25BD620E002E1A6D /* CategoryCollectionViewCell.swift in Sources */,
				A3672D0025A5F0D900931044 /* AddRecordViewController.swift in Sources */,
			);
			runOnlyForDeploymentPostprocessing = 0;
		};
		A30A5F2D25A5D3800046D1D0 /* Sources */ = {
			isa = PBXSourcesBuildPhase;
			buildActionMask = 2147483647;
			files = (
				A30A5F3625A5D3800046D1D0 /* theBudgetTests.swift in Sources */,
			);
			runOnlyForDeploymentPostprocessing = 0;
		};
		A30A5F3825A5D3800046D1D0 /* Sources */ = {
			isa = PBXSourcesBuildPhase;
			buildActionMask = 2147483647;
			files = (
				A30A5F4125A5D3800046D1D0 /* theBudgetUITests.swift in Sources */,
			);
			runOnlyForDeploymentPostprocessing = 0;
		};
/* End PBXSourcesBuildPhase section */

/* Begin PBXTargetDependency section */
		A30A5F3325A5D3800046D1D0 /* PBXTargetDependency */ = {
			isa = PBXTargetDependency;
			target = A30A5F1725A5D37F0046D1D0 /* theBudget */;
			targetProxy = A30A5F3225A5D3800046D1D0 /* PBXContainerItemProxy */;
		};
		A30A5F3E25A5D3800046D1D0 /* PBXTargetDependency */ = {
			isa = PBXTargetDependency;
			target = A30A5F1725A5D37F0046D1D0 /* theBudget */;
			targetProxy = A30A5F3D25A5D3800046D1D0 /* PBXContainerItemProxy */;
		};
/* End PBXTargetDependency section */

/* Begin PBXVariantGroup section */
		A30A5F2125A5D37F0046D1D0 /* Main.storyboard */ = {
			isa = PBXVariantGroup;
			children = (
				A30A5F2225A5D37F0046D1D0 /* Base */,
			);
			name = Main.storyboard;
			sourceTree = "<group>";
		};
		A30A5F2925A5D3800046D1D0 /* LaunchScreen.storyboard */ = {
			isa = PBXVariantGroup;
			children = (
				A30A5F2A25A5D3800046D1D0 /* Base */,
			);
			name = LaunchScreen.storyboard;
			sourceTree = "<group>";
		};
/* End PBXVariantGroup section */

/* Begin XCBuildConfiguration section */
		A30A5F4325A5D3800046D1D0 /* Debug */ = {
			isa = XCBuildConfiguration;
			buildSettings = {
				ALWAYS_SEARCH_USER_PATHS = NO;
				CLANG_ANALYZER_NONNULL = YES;
				CLANG_ANALYZER_NUMBER_OBJECT_CONVERSION = YES_AGGRESSIVE;
				CLANG_CXX_LANGUAGE_STANDARD = "gnu++14";
				CLANG_CXX_LIBRARY = "libc++";
				CLANG_ENABLE_MODULES = YES;
				CLANG_ENABLE_OBJC_ARC = YES;
				CLANG_ENABLE_OBJC_WEAK = YES;
				CLANG_WARN_BLOCK_CAPTURE_AUTORELEASING = YES;
				CLANG_WARN_BOOL_CONVERSION = YES;
				CLANG_WARN_COMMA = YES;
				CLANG_WARN_CONSTANT_CONVERSION = YES;
				CLANG_WARN_DEPRECATED_OBJC_IMPLEMENTATIONS = YES;
				CLANG_WARN_DIRECT_OBJC_ISA_USAGE = YES_ERROR;
				CLANG_WARN_DOCUMENTATION_COMMENTS = YES;
				CLANG_WARN_EMPTY_BODY = YES;
				CLANG_WARN_ENUM_CONVERSION = YES;
				CLANG_WARN_INFINITE_RECURSION = YES;
				CLANG_WARN_INT_CONVERSION = YES;
				CLANG_WARN_NON_LITERAL_NULL_CONVERSION = YES;
				CLANG_WARN_OBJC_IMPLICIT_RETAIN_SELF = YES;
				CLANG_WARN_OBJC_LITERAL_CONVERSION = YES;
				CLANG_WARN_OBJC_ROOT_CLASS = YES_ERROR;
				CLANG_WARN_QUOTED_INCLUDE_IN_FRAMEWORK_HEADER = YES;
				CLANG_WARN_RANGE_LOOP_ANALYSIS = YES;
				CLANG_WARN_STRICT_PROTOTYPES = YES;
				CLANG_WARN_SUSPICIOUS_MOVE = YES;
				CLANG_WARN_UNGUARDED_AVAILABILITY = YES_AGGRESSIVE;
				CLANG_WARN_UNREACHABLE_CODE = YES;
				CLANG_WARN__DUPLICATE_METHOD_MATCH = YES;
				COPY_PHASE_STRIP = NO;
				DEBUG_INFORMATION_FORMAT = dwarf;
				ENABLE_STRICT_OBJC_MSGSEND = YES;
				ENABLE_TESTABILITY = YES;
				GCC_C_LANGUAGE_STANDARD = gnu11;
				GCC_DYNAMIC_NO_PIC = NO;
				GCC_NO_COMMON_BLOCKS = YES;
				GCC_OPTIMIZATION_LEVEL = 0;
				GCC_PREPROCESSOR_DEFINITIONS = (
					"DEBUG=1",
					"$(inherited)",
				);
				GCC_WARN_64_TO_32_BIT_CONVERSION = YES;
				GCC_WARN_ABOUT_RETURN_TYPE = YES_ERROR;
				GCC_WARN_UNDECLARED_SELECTOR = YES;
				GCC_WARN_UNINITIALIZED_AUTOS = YES_AGGRESSIVE;
				GCC_WARN_UNUSED_FUNCTION = YES;
				GCC_WARN_UNUSED_VARIABLE = YES;
				IPHONEOS_DEPLOYMENT_TARGET = 14.3;
				MTL_ENABLE_DEBUG_INFO = INCLUDE_SOURCE;
				MTL_FAST_MATH = YES;
				ONLY_ACTIVE_ARCH = YES;
				SDKROOT = iphoneos;
				SWIFT_ACTIVE_COMPILATION_CONDITIONS = DEBUG;
				SWIFT_OPTIMIZATION_LEVEL = "-Onone";
			};
			name = Debug;
		};
		A30A5F4425A5D3800046D1D0 /* Release */ = {
			isa = XCBuildConfiguration;
			buildSettings = {
				ALWAYS_SEARCH_USER_PATHS = NO;
				CLANG_ANALYZER_NONNULL = YES;
				CLANG_ANALYZER_NUMBER_OBJECT_CONVERSION = YES_AGGRESSIVE;
				CLANG_CXX_LANGUAGE_STANDARD = "gnu++14";
				CLANG_CXX_LIBRARY = "libc++";
				CLANG_ENABLE_MODULES = YES;
				CLANG_ENABLE_OBJC_ARC = YES;
				CLANG_ENABLE_OBJC_WEAK = YES;
				CLANG_WARN_BLOCK_CAPTURE_AUTORELEASING = YES;
				CLANG_WARN_BOOL_CONVERSION = YES;
				CLANG_WARN_COMMA = YES;
				CLANG_WARN_CONSTANT_CONVERSION = YES;
				CLANG_WARN_DEPRECATED_OBJC_IMPLEMENTATIONS = YES;
				CLANG_WARN_DIRECT_OBJC_ISA_USAGE = YES_ERROR;
				CLANG_WARN_DOCUMENTATION_COMMENTS = YES;
				CLANG_WARN_EMPTY_BODY = YES;
				CLANG_WARN_ENUM_CONVERSION = YES;
				CLANG_WARN_INFINITE_RECURSION = YES;
				CLANG_WARN_INT_CONVERSION = YES;
				CLANG_WARN_NON_LITERAL_NULL_CONVERSION = YES;
				CLANG_WARN_OBJC_IMPLICIT_RETAIN_SELF = YES;
				CLANG_WARN_OBJC_LITERAL_CONVERSION = YES;
				CLANG_WARN_OBJC_ROOT_CLASS = YES_ERROR;
				CLANG_WARN_QUOTED_INCLUDE_IN_FRAMEWORK_HEADER = YES;
				CLANG_WARN_RANGE_LOOP_ANALYSIS = YES;
				CLANG_WARN_STRICT_PROTOTYPES = YES;
				CLANG_WARN_SUSPICIOUS_MOVE = YES;
				CLANG_WARN_UNGUARDED_AVAILABILITY = YES_AGGRESSIVE;
				CLANG_WARN_UNREACHABLE_CODE = YES;
				CLANG_WARN__DUPLICATE_METHOD_MATCH = YES;
				COPY_PHASE_STRIP = NO;
				DEBUG_INFORMATION_FORMAT = "dwarf-with-dsym";
				ENABLE_NS_ASSERTIONS = NO;
				ENABLE_STRICT_OBJC_MSGSEND = YES;
				GCC_C_LANGUAGE_STANDARD = gnu11;
				GCC_NO_COMMON_BLOCKS = YES;
				GCC_WARN_64_TO_32_BIT_CONVERSION = YES;
				GCC_WARN_ABOUT_RETURN_TYPE = YES_ERROR;
				GCC_WARN_UNDECLARED_SELECTOR = YES;
				GCC_WARN_UNINITIALIZED_AUTOS = YES_AGGRESSIVE;
				GCC_WARN_UNUSED_FUNCTION = YES;
				GCC_WARN_UNUSED_VARIABLE = YES;
				IPHONEOS_DEPLOYMENT_TARGET = 14.3;
				MTL_ENABLE_DEBUG_INFO = NO;
				MTL_FAST_MATH = YES;
				SDKROOT = iphoneos;
				SWIFT_COMPILATION_MODE = wholemodule;
				SWIFT_OPTIMIZATION_LEVEL = "-O";
				VALIDATE_PRODUCT = YES;
			};
			name = Release;
		};
		A30A5F4625A5D3800046D1D0 /* Debug */ = {
			isa = XCBuildConfiguration;
			buildSettings = {
				ASSETCATALOG_COMPILER_APPICON_NAME = AppIcon;
				ASSETCATALOG_COMPILER_GLOBAL_ACCENT_COLOR_NAME = AccentColor;
				CODE_SIGN_STYLE = Automatic;
				DEVELOPMENT_TEAM = 4Y32W65SMG;
				INFOPLIST_FILE = theBudget/Info.plist;
				LD_RUNPATH_SEARCH_PATHS = (
					"$(inherited)",
					"@executable_path/Frameworks",
				);
				PRODUCT_BUNDLE_IDENTIFIER = X3.theBudget;
				PRODUCT_NAME = "$(TARGET_NAME)";
				SWIFT_VERSION = 5.0;
				TARGETED_DEVICE_FAMILY = 1;
			};
			name = Debug;
		};
		A30A5F4725A5D3800046D1D0 /* Release */ = {
			isa = XCBuildConfiguration;
			buildSettings = {
				ASSETCATALOG_COMPILER_APPICON_NAME = AppIcon;
				ASSETCATALOG_COMPILER_GLOBAL_ACCENT_COLOR_NAME = AccentColor;
				CODE_SIGN_STYLE = Automatic;
				DEVELOPMENT_TEAM = 4Y32W65SMG;
				INFOPLIST_FILE = theBudget/Info.plist;
				LD_RUNPATH_SEARCH_PATHS = (
					"$(inherited)",
					"@executable_path/Frameworks",
				);
				PRODUCT_BUNDLE_IDENTIFIER = X3.theBudget;
				PRODUCT_NAME = "$(TARGET_NAME)";
				SWIFT_VERSION = 5.0;
				TARGETED_DEVICE_FAMILY = 1;
			};
			name = Release;
		};
		A30A5F4925A5D3800046D1D0 /* Debug */ = {
			isa = XCBuildConfiguration;
			buildSettings = {
				ALWAYS_EMBED_SWIFT_STANDARD_LIBRARIES = YES;
				BUNDLE_LOADER = "$(TEST_HOST)";
				CODE_SIGN_STYLE = Automatic;
				DEVELOPMENT_TEAM = 4Y32W65SMG;
				INFOPLIST_FILE = theBudgetTests/Info.plist;
				IPHONEOS_DEPLOYMENT_TARGET = 14.3;
				LD_RUNPATH_SEARCH_PATHS = (
					"$(inherited)",
					"@executable_path/Frameworks",
					"@loader_path/Frameworks",
				);
				PRODUCT_BUNDLE_IDENTIFIER = X3.theBudgetTests;
				PRODUCT_NAME = "$(TARGET_NAME)";
				SWIFT_VERSION = 5.0;
				TARGETED_DEVICE_FAMILY = "1,2";
				TEST_HOST = "$(BUILT_PRODUCTS_DIR)/theBudget.app/theBudget";
			};
			name = Debug;
		};
		A30A5F4A25A5D3800046D1D0 /* Release */ = {
			isa = XCBuildConfiguration;
			buildSettings = {
				ALWAYS_EMBED_SWIFT_STANDARD_LIBRARIES = YES;
				BUNDLE_LOADER = "$(TEST_HOST)";
				CODE_SIGN_STYLE = Automatic;
				DEVELOPMENT_TEAM = 4Y32W65SMG;
				INFOPLIST_FILE = theBudgetTests/Info.plist;
				IPHONEOS_DEPLOYMENT_TARGET = 14.3;
				LD_RUNPATH_SEARCH_PATHS = (
					"$(inherited)",
					"@executable_path/Frameworks",
					"@loader_path/Frameworks",
				);
				PRODUCT_BUNDLE_IDENTIFIER = X3.theBudgetTests;
				PRODUCT_NAME = "$(TARGET_NAME)";
				SWIFT_VERSION = 5.0;
				TARGETED_DEVICE_FAMILY = "1,2";
				TEST_HOST = "$(BUILT_PRODUCTS_DIR)/theBudget.app/theBudget";
			};
			name = Release;
		};
		A30A5F4C25A5D3800046D1D0 /* Debug */ = {
			isa = XCBuildConfiguration;
			buildSettings = {
				ALWAYS_EMBED_SWIFT_STANDARD_LIBRARIES = YES;
				CODE_SIGN_STYLE = Automatic;
				DEVELOPMENT_TEAM = 4Y32W65SMG;
				INFOPLIST_FILE = theBudgetUITests/Info.plist;
				LD_RUNPATH_SEARCH_PATHS = (
					"$(inherited)",
					"@executable_path/Frameworks",
					"@loader_path/Frameworks",
				);
				PRODUCT_BUNDLE_IDENTIFIER = X3.theBudgetUITests;
				PRODUCT_NAME = "$(TARGET_NAME)";
				SWIFT_VERSION = 5.0;
				TARGETED_DEVICE_FAMILY = "1,2";
				TEST_TARGET_NAME = theBudget;
			};
			name = Debug;
		};
		A30A5F4D25A5D3800046D1D0 /* Release */ = {
			isa = XCBuildConfiguration;
			buildSettings = {
				ALWAYS_EMBED_SWIFT_STANDARD_LIBRARIES = YES;
				CODE_SIGN_STYLE = Automatic;
				DEVELOPMENT_TEAM = 4Y32W65SMG;
				INFOPLIST_FILE = theBudgetUITests/Info.plist;
				LD_RUNPATH_SEARCH_PATHS = (
					"$(inherited)",
					"@executable_path/Frameworks",
					"@loader_path/Frameworks",
				);
				PRODUCT_BUNDLE_IDENTIFIER = X3.theBudgetUITests;
				PRODUCT_NAME = "$(TARGET_NAME)";
				SWIFT_VERSION = 5.0;
				TARGETED_DEVICE_FAMILY = "1,2";
				TEST_TARGET_NAME = theBudget;
			};
			name = Release;
		};
/* End XCBuildConfiguration section */

/* Begin XCConfigurationList section */
		A30A5F1325A5D37F0046D1D0 /* Build configuration list for PBXProject "theBudget" */ = {
			isa = XCConfigurationList;
			buildConfigurations = (
				A30A5F4325A5D3800046D1D0 /* Debug */,
				A30A5F4425A5D3800046D1D0 /* Release */,
			);
			defaultConfigurationIsVisible = 0;
			defaultConfigurationName = Release;
		};
		A30A5F4525A5D3800046D1D0 /* Build configuration list for PBXNativeTarget "theBudget" */ = {
			isa = XCConfigurationList;
			buildConfigurations = (
				A30A5F4625A5D3800046D1D0 /* Debug */,
				A30A5F4725A5D3800046D1D0 /* Release */,
			);
			defaultConfigurationIsVisible = 0;
			defaultConfigurationName = Release;
		};
		A30A5F4825A5D3800046D1D0 /* Build configuration list for PBXNativeTarget "theBudgetTests" */ = {
			isa = XCConfigurationList;
			buildConfigurations = (
				A30A5F4925A5D3800046D1D0 /* Debug */,
				A30A5F4A25A5D3800046D1D0 /* Release */,
			);
			defaultConfigurationIsVisible = 0;
			defaultConfigurationName = Release;
		};
		A30A5F4B25A5D3800046D1D0 /* Build configuration list for PBXNativeTarget "theBudgetUITests" */ = {
			isa = XCConfigurationList;
			buildConfigurations = (
				A30A5F4C25A5D3800046D1D0 /* Debug */,
				A30A5F4D25A5D3800046D1D0 /* Release */,
			);
			defaultConfigurationIsVisible = 0;
			defaultConfigurationName = Release;
		};
/* End XCConfigurationList section */

/* Begin XCVersionGroup section */
		A30A5F2425A5D37F0046D1D0 /* theBudget.xcdatamodeld */ = {
			isa = XCVersionGroup;
			children = (
				A30A5F2525A5D37F0046D1D0 /* theBudget.xcdatamodel */,
			);
			currentVersion = A30A5F2525A5D37F0046D1D0 /* theBudget.xcdatamodel */;
			path = theBudget.xcdatamodeld;
			sourceTree = "<group>";
			versionGroupType = wrapper.xcdatamodel;
		};
/* End XCVersionGroup section */
	};
	rootObject = A30A5F1025A5D37F0046D1D0 /* Project object */;
}
